
Microsoft Visual Studio Solution File, Format Version 12.00
# Visual Studio 2013
VisualStudioVersion = 12.0.31101.0
MinimumVisualStudioVersion = 10.0.40219.1
Project("{FAE04EC0-301F-11D3-BF4B-00C04F79EFBC}") = "LocadoraDeJogos.IO", "LocadoraDeJogos.IO\LocadoraDeJogos.IO.csproj", "{B3C4ED55-CFF2-46AE-8E29-0DC7693894A6}"
EndProject
Project("{FAE04EC0-301F-11D3-BF4B-00C04F79EFBC}") = "LocadoraDeJogos.Dominio", "LocadoraDeJogos.Dominio\LocadoraDeJogos.Dominio.csproj", "{C7B72789-F460-4444-82C3-EB2A6B16D794}"
EndProject
Project("{FAE04EC0-301F-11D3-BF4B-00C04F79EFBC}") = "LocadoraDeJogos.testes", "LocadoraDeJogos.testes\LocadoraDeJogos.testes.csproj", "{EF401DEE-6A98-4978-9CBB-245D28E9C859}"
EndProject
Project("{FAE04EC0-301F-11D3-BF4B-00C04F79EFBC}") = "ProjetoMVC", "ProjetoMVC\ProjetoMVC.csproj", "{D4BB1031-F754-4F0A-BE84-495BB4032A02}"
EndProject
Global
	GlobalSection(SolutionConfigurationPlatforms) = preSolution
		Debug|Any CPU = Debug|Any CPU
		Release|Any CPU = Release|Any CPU
	EndGlobalSection
	GlobalSection(ProjectConfigurationPlatforms) = postSolution
		{B3C4ED55-CFF2-46AE-8E29-0DC7693894A6}.Debug|Any CPU.ActiveCfg = Debug|Any CPU
		{B3C4ED55-CFF2-46AE-8E29-0DC7693894A6}.Debug|Any CPU.Build.0 = Debug|Any CPU
		{B3C4ED55-CFF2-46AE-8E29-0DC7693894A6}.Release|Any CPU.ActiveCfg = Release|Any CPU
		{B3C4ED55-CFF2-46AE-8E29-0DC7693894A6}.Release|Any CPU.Build.0 = Release|Any CPU
		{C7B72789-F460-4444-82C3-EB2A6B16D794}.Debug|Any CPU.ActiveCfg = Debug|Any CPU
		{C7B72789-F460-4444-82C3-EB2A6B16D794}.Debug|Any CPU.Build.0 = Debug|Any CPU
		{C7B72789-F460-4444-82C3-EB2A6B16D794}.Release|Any CPU.ActiveCfg = Release|Any CPU
		{C7B72789-F460-4444-82C3-EB2A6B16D794}.Release|Any CPU.Build.0 = Release|Any CPU
		{EF401DEE-6A98-4978-9CBB-245D28E9C859}.Debug|Any CPU.ActiveCfg = Debug|Any CPU
		{EF401DEE-6A98-4978-9CBB-245D28E9C859}.Debug|Any CPU.Build.0 = Debug|Any CPU
		{EF401DEE-6A98-4978-9CBB-245D28E9C859}.Release|Any CPU.ActiveCfg = Release|Any CPU
		{EF401DEE-6A98-4978-9CBB-245D28E9C859}.Release|Any CPU.Build.0 = Release|Any CPU
		{D4BB1031-F754-4F0A-BE84-495BB4032A02}.Debug|Any CPU.ActiveCfg = Debug|Any CPU
		{D4BB1031-F754-4F0A-BE84-495BB4032A02}.Debug|Any CPU.Build.0 = Debug|Any CPU
		{D4BB1031-F754-4F0A-BE84-495BB4032A02}.Release|Any CPU.ActiveCfg = Release|Any CPU
		{D4BB1031-F754-4F0A-BE84-495BB4032A02}.Release|Any CPU.Build.0 = Release|Any CPU
	EndGlobalSection
	GlobalSection(SolutionProperties) = preSolution
		HideSolutionNode = FALSE
	EndGlobalSection
EndGlobal
